// !$*UTF8*$!
{
	archiveVersion = 1;
	classes = {
	};
	objectVersion = 46;
	objects = {

/* Begin PBXBuildFile section */
		DB5C30491C38C5BF000848A0 /* MainTableViewCell.swift in Sources */ = {isa = PBXBuildFile; fileRef = DB5C30481C38C5BF000848A0 /* MainTableViewCell.swift */; };
		DB5C304D1C38DE1E000848A0 /* myUILabel.m in Sources */ = {isa = PBXBuildFile; fileRef = DB5C304C1C38DE1E000848A0 /* myUILabel.m */; };
		DB5C304F1C39158E000848A0 /* MainModel.swift in Sources */ = {isa = PBXBuildFile; fileRef = DB5C304E1C39158E000848A0 /* MainModel.swift */; };
		DB5C305D1C391D13000848A0 /* NSMutableArray+SWUtilityButtons.m in Sources */ = {isa = PBXBuildFile; fileRef = DB5C30521C391D13000848A0 /* NSMutableArray+SWUtilityButtons.m */; };
		DB5C305E1C391D13000848A0 /* SWCellScrollView.m in Sources */ = {isa = PBXBuildFile; fileRef = DB5C30541C391D13000848A0 /* SWCellScrollView.m */; };
		DB5C305F1C391D13000848A0 /* SWLongPressGestureRecognizer.m in Sources */ = {isa = PBXBuildFile; fileRef = DB5C30561C391D13000848A0 /* SWLongPressGestureRecognizer.m */; };
		DB5C30601C391D13000848A0 /* SWTableViewCell.m in Sources */ = {isa = PBXBuildFile; fileRef = DB5C30581C391D13000848A0 /* SWTableViewCell.m */; };
		DB5C30611C391D13000848A0 /* SWUtilityButtonTapGestureRecognizer.m in Sources */ = {isa = PBXBuildFile; fileRef = DB5C305A1C391D13000848A0 /* SWUtilityButtonTapGestureRecognizer.m */; };
		DB5C30621C391D13000848A0 /* SWUtilityButtonView.m in Sources */ = {isa = PBXBuildFile; fileRef = DB5C305C1C391D13000848A0 /* SWUtilityButtonView.m */; };
		DB6C3E581C34FE2B000A43AC /* AppDelegate.swift in Sources */ = {isa = PBXBuildFile; fileRef = DB6C3E571C34FE2B000A43AC /* AppDelegate.swift */; };
		DB6C3E5D1C34FE2C000A43AC /* Main.storyboard in Resources */ = {isa = PBXBuildFile; fileRef = DB6C3E5B1C34FE2C000A43AC /* Main.storyboard */; };
		DB6C3E5F1C34FE2C000A43AC /* Assets.xcassets in Resources */ = {isa = PBXBuildFile; fileRef = DB6C3E5E1C34FE2C000A43AC /* Assets.xcassets */; };
		DB6C3E621C34FE2C000A43AC /* LaunchScreen.storyboard in Resources */ = {isa = PBXBuildFile; fileRef = DB6C3E601C34FE2C000A43AC /* LaunchScreen.storyboard */; };
		DB6C3E701C34FEB5000A43AC /* RQShineLabel.m in Sources */ = {isa = PBXBuildFile; fileRef = DB6C3E6F1C34FEB5000A43AC /* RQShineLabel.m */; };
		DB6C3E721C34FF51000A43AC /* LaunchViewController.swift in Sources */ = {isa = PBXBuildFile; fileRef = DB6C3E711C34FF51000A43AC /* LaunchViewController.swift */; };
		DB6C3E751C350033000A43AC /* LaunchTextModel.swift in Sources */ = {isa = PBXBuildFile; fileRef = DB6C3E741C350033000A43AC /* LaunchTextModel.swift */; };
		DB6C796D1C357A5F00FC4C10 /* LoginViewController.swift in Sources */ = {isa = PBXBuildFile; fileRef = DB6C796C1C357A5F00FC4C10 /* LoginViewController.swift */; };
		DB6C79701C3639A200FC4C10 /* CommonModel.swift in Sources */ = {isa = PBXBuildFile; fileRef = DB6C796F1C3639A200FC4C10 /* CommonModel.swift */; };
		DB6C79851C36733500FC4C10 /* Info.plist in Resources */ = {isa = PBXBuildFile; fileRef = DB6C79721C36733500FC4C10 /* Info.plist */; };
		DB6C79861C36733500FC4C10 /* LTCharacterLimbo.swift in Sources */ = {isa = PBXBuildFile; fileRef = DB6C79731C36733500FC4C10 /* LTCharacterLimbo.swift */; };
		DB6C79871C36733500FC4C10 /* LTEasing.swift in Sources */ = {isa = PBXBuildFile; fileRef = DB6C79741C36733500FC4C10 /* LTEasing.swift */; };
		DB6C79881C36733500FC4C10 /* LTEmitterView.swift in Sources */ = {isa = PBXBuildFile; fileRef = DB6C79751C36733500FC4C10 /* LTEmitterView.swift */; };
		DB6C79891C36733500FC4C10 /* LTMorphingEffect.swift in Sources */ = {isa = PBXBuildFile; fileRef = DB6C79761C36733500FC4C10 /* LTMorphingEffect.swift */; };
		DB6C798A1C36733500FC4C10 /* LTMorphingLabel+Anvil.swift in Sources */ = {isa = PBXBuildFile; fileRef = DB6C79771C36733500FC4C10 /* LTMorphingLabel+Anvil.swift */; };
		DB6C798B1C36733500FC4C10 /* LTMorphingLabel+Burn.swift in Sources */ = {isa = PBXBuildFile; fileRef = DB6C79781C36733500FC4C10 /* LTMorphingLabel+Burn.swift */; };
		DB6C798C1C36733500FC4C10 /* LTMorphingLabel+Evaporate.swift in Sources */ = {isa = PBXBuildFile; fileRef = DB6C79791C36733500FC4C10 /* LTMorphingLabel+Evaporate.swift */; };
		DB6C798D1C36733500FC4C10 /* LTMorphingLabel+Fall.swift in Sources */ = {isa = PBXBuildFile; fileRef = DB6C797A1C36733500FC4C10 /* LTMorphingLabel+Fall.swift */; };
		DB6C798E1C36733500FC4C10 /* LTMorphingLabel+Pixelate.swift in Sources */ = {isa = PBXBuildFile; fileRef = DB6C797B1C36733500FC4C10 /* LTMorphingLabel+Pixelate.swift */; };
		DB6C798F1C36733500FC4C10 /* LTMorphingLabel+Sparkle.swift in Sources */ = {isa = PBXBuildFile; fileRef = DB6C797C1C36733500FC4C10 /* LTMorphingLabel+Sparkle.swift */; };
		DB6C79901C36733500FC4C10 /* LTMorphingLabel.swift in Sources */ = {isa = PBXBuildFile; fileRef = DB6C797E1C36733500FC4C10 /* LTMorphingLabel.swift */; };
		DB6C79911C36733500FC4C10 /* NSString+LTMorphingLabel.swift in Sources */ = {isa = PBXBuildFile; fileRef = DB6C797F1C36733500FC4C10 /* NSString+LTMorphingLabel.swift */; };
		DB6C79921C36733500FC4C10 /* Fire.png in Resources */ = {isa = PBXBuildFile; fileRef = DB6C79811C36733500FC4C10 /* Fire.png */; };
		DB6C79931C36733500FC4C10 /* Fragment.png in Resources */ = {isa = PBXBuildFile; fileRef = DB6C79821C36733500FC4C10 /* Fragment.png */; };
		DB6C79941C36733500FC4C10 /* Smoke.png in Resources */ = {isa = PBXBuildFile; fileRef = DB6C79831C36733500FC4C10 /* Smoke.png */; };
		DB6C79951C36733500FC4C10 /* Sparkle.png in Resources */ = {isa = PBXBuildFile; fileRef = DB6C79841C36733500FC4C10 /* Sparkle.png */; };
		DB6C79971C36746700FC4C10 /* LoginTextModel.swift in Sources */ = {isa = PBXBuildFile; fileRef = DB6C79961C36746700FC4C10 /* LoginTextModel.swift */; };
		DB96F9EE1C3E39960014D10D /* DetailViewController.swift in Sources */ = {isa = PBXBuildFile; fileRef = DB96F9ED1C3E39960014D10D /* DetailViewController.swift */; };
		DBFE69A91C37B5F5009717A7 /* MainViewController.swift in Sources */ = {isa = PBXBuildFile; fileRef = DBFE69A81C37B5F5009717A7 /* MainViewController.swift */; };
/* End PBXBuildFile section */

/* Begin PBXFileReference section */
		DB5C30481C38C5BF000848A0 /* MainTableViewCell.swift */ = {isa = PBXFileReference; fileEncoding = 4; lastKnownFileType = sourcecode.swift; path = MainTableViewCell.swift; sourceTree = "<group>"; };
		DB5C304B1C38DE1E000848A0 /* myUILabel.h */ = {isa = PBXFileReference; fileEncoding = 4; lastKnownFileType = sourcecode.c.h; path = myUILabel.h; sourceTree = "<group>"; };
		DB5C304C1C38DE1E000848A0 /* myUILabel.m */ = {isa = PBXFileReference; fileEncoding = 4; lastKnownFileType = sourcecode.c.objc; path = myUILabel.m; sourceTree = "<group>"; };
		DB5C304E1C39158E000848A0 /* MainModel.swift */ = {isa = PBXFileReference; fileEncoding = 4; lastKnownFileType = sourcecode.swift; path = MainModel.swift; sourceTree = "<group>"; };
		DB5C30511C391D13000848A0 /* NSMutableArray+SWUtilityButtons.h */ = {isa = PBXFileReference; fileEncoding = 4; lastKnownFileType = sourcecode.c.h; path = "NSMutableArray+SWUtilityButtons.h"; sourceTree = "<group>"; };
		DB5C30521C391D13000848A0 /* NSMutableArray+SWUtilityButtons.m */ = {isa = PBXFileReference; fileEncoding = 4; lastKnownFileType = sourcecode.c.objc; path = "NSMutableArray+SWUtilityButtons.m"; sourceTree = "<group>"; };
		DB5C30531C391D13000848A0 /* SWCellScrollView.h */ = {isa = PBXFileReference; fileEncoding = 4; lastKnownFileType = sourcecode.c.h; path = SWCellScrollView.h; sourceTree = "<group>"; };
		DB5C30541C391D13000848A0 /* SWCellScrollView.m */ = {isa = PBXFileReference; fileEncoding = 4; lastKnownFileType = sourcecode.c.objc; path = SWCellScrollView.m; sourceTree = "<group>"; };
		DB5C30551C391D13000848A0 /* SWLongPressGestureRecognizer.h */ = {isa = PBXFileReference; fileEncoding = 4; lastKnownFileType = sourcecode.c.h; path = SWLongPressGestureRecognizer.h; sourceTree = "<group>"; };
		DB5C30561C391D13000848A0 /* SWLongPressGestureRecognizer.m */ = {isa = PBXFileReference; fileEncoding = 4; lastKnownFileType = sourcecode.c.objc; path = SWLongPressGestureRecognizer.m; sourceTree = "<group>"; };
		DB5C30571C391D13000848A0 /* SWTableViewCell.h */ = {isa = PBXFileReference; fileEncoding = 4; lastKnownFileType = sourcecode.c.h; path = SWTableViewCell.h; sourceTree = "<group>"; };
		DB5C30581C391D13000848A0 /* SWTableViewCell.m */ = {isa = PBXFileReference; fileEncoding = 4; lastKnownFileType = sourcecode.c.objc; path = SWTableViewCell.m; sourceTree = "<group>"; };
		DB5C30591C391D13000848A0 /* SWUtilityButtonTapGestureRecognizer.h */ = {isa = PBXFileReference; fileEncoding = 4; lastKnownFileType = sourcecode.c.h; path = SWUtilityButtonTapGestureRecognizer.h; sourceTree = "<group>"; };
		DB5C305A1C391D13000848A0 /* SWUtilityButtonTapGestureRecognizer.m */ = {isa = PBXFileReference; fileEncoding = 4; lastKnownFileType = sourcecode.c.objc; path = SWUtilityButtonTapGestureRecognizer.m; sourceTree = "<group>"; };
		DB5C305B1C391D13000848A0 /* SWUtilityButtonView.h */ = {isa = PBXFileReference; fileEncoding = 4; lastKnownFileType = sourcecode.c.h; path = SWUtilityButtonView.h; sourceTree = "<group>"; };
		DB5C305C1C391D13000848A0 /* SWUtilityButtonView.m */ = {isa = PBXFileReference; fileEncoding = 4; lastKnownFileType = sourcecode.c.objc; path = SWUtilityButtonView.m; sourceTree = "<group>"; };
		DB6C3E541C34FE2B000A43AC /* Butler.app */ = {isa = PBXFileReference; explicitFileType = wrapper.application; includeInIndex = 0; path = Butler.app; sourceTree = BUILT_PRODUCTS_DIR; };
		DB6C3E571C34FE2B000A43AC /* AppDelegate.swift */ = {isa = PBXFileReference; lastKnownFileType = sourcecode.swift; path = AppDelegate.swift; sourceTree = "<group>"; };
		DB6C3E5C1C34FE2C000A43AC /* Base */ = {isa = PBXFileReference; lastKnownFileType = file.storyboard; name = Base; path = Base.lproj/Main.storyboard; sourceTree = "<group>"; };
		DB6C3E5E1C34FE2C000A43AC /* Assets.xcassets */ = {isa = PBXFileReference; lastKnownFileType = folder.assetcatalog; path = Assets.xcassets; sourceTree = "<group>"; };
		DB6C3E611C34FE2C000A43AC /* Base */ = {isa = PBXFileReference; lastKnownFileType = file.storyboard; name = Base; path = Base.lproj/LaunchScreen.storyboard; sourceTree = "<group>"; };
		DB6C3E631C34FE2C000A43AC /* Info.plist */ = {isa = PBXFileReference; lastKnownFileType = text.plist.xml; path = Info.plist; sourceTree = "<group>"; };
		DB6C3E691C34FE46000A43AC /* Butler-Bridging-Header.h */ = {isa = PBXFileReference; lastKnownFileType = sourcecode.c.h; path = "Butler-Bridging-Header.h"; sourceTree = "<group>"; };
		DB6C3E6E1C34FEB5000A43AC /* RQShineLabel.h */ = {isa = PBXFileReference; fileEncoding = 4; lastKnownFileType = sourcecode.c.h; path = RQShineLabel.h; sourceTree = "<group>"; };
		DB6C3E6F1C34FEB5000A43AC /* RQShineLabel.m */ = {isa = PBXFileReference; fileEncoding = 4; lastKnownFileType = sourcecode.c.objc; path = RQShineLabel.m; sourceTree = "<group>"; };
		DB6C3E711C34FF51000A43AC /* LaunchViewController.swift */ = {isa = PBXFileReference; fileEncoding = 4; lastKnownFileType = sourcecode.swift; path = LaunchViewController.swift; sourceTree = "<group>"; };
		DB6C3E741C350033000A43AC /* LaunchTextModel.swift */ = {isa = PBXFileReference; fileEncoding = 4; lastKnownFileType = sourcecode.swift; path = LaunchTextModel.swift; sourceTree = "<group>"; };
		DB6C796C1C357A5F00FC4C10 /* LoginViewController.swift */ = {isa = PBXFileReference; fileEncoding = 4; lastKnownFileType = sourcecode.swift; path = LoginViewController.swift; sourceTree = "<group>"; };
		DB6C796F1C3639A200FC4C10 /* CommonModel.swift */ = {isa = PBXFileReference; fileEncoding = 4; lastKnownFileType = sourcecode.swift; path = CommonModel.swift; sourceTree = "<group>"; };
		DB6C79721C36733500FC4C10 /* Info.plist */ = {isa = PBXFileReference; fileEncoding = 4; lastKnownFileType = text.plist.xml; path = Info.plist; sourceTree = "<group>"; };
		DB6C79731C36733500FC4C10 /* LTCharacterLimbo.swift */ = {isa = PBXFileReference; fileEncoding = 4; lastKnownFileType = sourcecode.swift; path = LTCharacterLimbo.swift; sourceTree = "<group>"; };
		DB6C79741C36733500FC4C10 /* LTEasing.swift */ = {isa = PBXFileReference; fileEncoding = 4; lastKnownFileType = sourcecode.swift; path = LTEasing.swift; sourceTree = "<group>"; };
		DB6C79751C36733500FC4C10 /* LTEmitterView.swift */ = {isa = PBXFileReference; fileEncoding = 4; lastKnownFileType = sourcecode.swift; path = LTEmitterView.swift; sourceTree = "<group>"; };
		DB6C79761C36733500FC4C10 /* LTMorphingEffect.swift */ = {isa = PBXFileReference; fileEncoding = 4; lastKnownFileType = sourcecode.swift; path = LTMorphingEffect.swift; sourceTree = "<group>"; };
		DB6C79771C36733500FC4C10 /* LTMorphingLabel+Anvil.swift */ = {isa = PBXFileReference; fileEncoding = 4; lastKnownFileType = sourcecode.swift; path = "LTMorphingLabel+Anvil.swift"; sourceTree = "<group>"; };
		DB6C79781C36733500FC4C10 /* LTMorphingLabel+Burn.swift */ = {isa = PBXFileReference; fileEncoding = 4; lastKnownFileType = sourcecode.swift; path = "LTMorphingLabel+Burn.swift"; sourceTree = "<group>"; };
		DB6C79791C36733500FC4C10 /* LTMorphingLabel+Evaporate.swift */ = {isa = PBXFileReference; fileEncoding = 4; lastKnownFileType = sourcecode.swift; path = "LTMorphingLabel+Evaporate.swift"; sourceTree = "<group>"; };
		DB6C797A1C36733500FC4C10 /* LTMorphingLabel+Fall.swift */ = {isa = PBXFileReference; fileEncoding = 4; lastKnownFileType = sourcecode.swift; path = "LTMorphingLabel+Fall.swift"; sourceTree = "<group>"; };
		DB6C797B1C36733500FC4C10 /* LTMorphingLabel+Pixelate.swift */ = {isa = PBXFileReference; fileEncoding = 4; lastKnownFileType = sourcecode.swift; path = "LTMorphingLabel+Pixelate.swift"; sourceTree = "<group>"; };
		DB6C797C1C36733500FC4C10 /* LTMorphingLabel+Sparkle.swift */ = {isa = PBXFileReference; fileEncoding = 4; lastKnownFileType = sourcecode.swift; path = "LTMorphingLabel+Sparkle.swift"; sourceTree = "<group>"; };
		DB6C797D1C36733500FC4C10 /* LTMorphingLabel.h */ = {isa = PBXFileReference; fileEncoding = 4; lastKnownFileType = sourcecode.c.h; path = LTMorphingLabel.h; sourceTree = "<group>"; };
		DB6C797E1C36733500FC4C10 /* LTMorphingLabel.swift */ = {isa = PBXFileReference; fileEncoding = 4; lastKnownFileType = sourcecode.swift; path = LTMorphingLabel.swift; sourceTree = "<group>"; };
		DB6C797F1C36733500FC4C10 /* NSString+LTMorphingLabel.swift */ = {isa = PBXFileReference; fileEncoding = 4; lastKnownFileType = sourcecode.swift; path = "NSString+LTMorphingLabel.swift"; sourceTree = "<group>"; };
		DB6C79811C36733500FC4C10 /* Fire.png */ = {isa = PBXFileReference; lastKnownFileType = image.png; path = Fire.png; sourceTree = "<group>"; };
		DB6C79821C36733500FC4C10 /* Fragment.png */ = {isa = PBXFileReference; lastKnownFileType = image.png; path = Fragment.png; sourceTree = "<group>"; };
		DB6C79831C36733500FC4C10 /* Smoke.png */ = {isa = PBXFileReference; lastKnownFileType = image.png; path = Smoke.png; sourceTree = "<group>"; };
		DB6C79841C36733500FC4C10 /* Sparkle.png */ = {isa = PBXFileReference; lastKnownFileType = image.png; path = Sparkle.png; sourceTree = "<group>"; };
		DB6C79961C36746700FC4C10 /* LoginTextModel.swift */ = {isa = PBXFileReference; fileEncoding = 4; lastKnownFileType = sourcecode.swift; path = LoginTextModel.swift; sourceTree = "<group>"; };
		DB96F9ED1C3E39960014D10D /* DetailViewController.swift */ = {isa = PBXFileReference; fileEncoding = 4; lastKnownFileType = sourcecode.swift; path = DetailViewController.swift; sourceTree = "<group>"; };
		DBFE69A81C37B5F5009717A7 /* MainViewController.swift */ = {isa = PBXFileReference; fileEncoding = 4; lastKnownFileType = sourcecode.swift; path = MainViewController.swift; sourceTree = "<group>"; };
/* End PBXFileReference section */

/* Begin PBXFrameworksBuildPhase section */
		DB6C3E511C34FE2B000A43AC /* Frameworks */ = {
			isa = PBXFrameworksBuildPhase;
			buildActionMask = 2147483647;
			files = (
			);
			runOnlyForDeploymentPostprocessing = 0;
		};
/* End PBXFrameworksBuildPhase section */

/* Begin PBXGroup section */
		DB5C304A1C38DE0A000848A0 /* myUILabel */ = {
			isa = PBXGroup;
			children = (
				DB5C304B1C38DE1E000848A0 /* myUILabel.h */,
				DB5C304C1C38DE1E000848A0 /* myUILabel.m */,
			);
			name = myUILabel;
			sourceTree = "<group>";
		};
		DB5C30501C391D13000848A0 /* SWTableViewCell */ = {
			isa = PBXGroup;
			children = (
				DB5C30511C391D13000848A0 /* NSMutableArray+SWUtilityButtons.h */,
				DB5C30521C391D13000848A0 /* NSMutableArray+SWUtilityButtons.m */,
				DB5C30531C391D13000848A0 /* SWCellScrollView.h */,
				DB5C30541C391D13000848A0 /* SWCellScrollView.m */,
				DB5C30551C391D13000848A0 /* SWLongPressGestureRecognizer.h */,
				DB5C30561C391D13000848A0 /* SWLongPressGestureRecognizer.m */,
				DB5C30571C391D13000848A0 /* SWTableViewCell.h */,
				DB5C30581C391D13000848A0 /* SWTableViewCell.m */,
				DB5C30591C391D13000848A0 /* SWUtilityButtonTapGestureRecognizer.h */,
				DB5C305A1C391D13000848A0 /* SWUtilityButtonTapGestureRecognizer.m */,
				DB5C305B1C391D13000848A0 /* SWUtilityButtonView.h */,
				DB5C305C1C391D13000848A0 /* SWUtilityButtonView.m */,
			);
			path = SWTableViewCell;
			sourceTree = "<group>";
		};
		DB6C3E4B1C34FE2B000A43AC = {
			isa = PBXGroup;
			children = (
				DB6C3E561C34FE2B000A43AC /* Butler */,
				DB6C3E551C34FE2B000A43AC /* Products */,
			);
			sourceTree = "<group>";
		};
		DB6C3E551C34FE2B000A43AC /* Products */ = {
			isa = PBXGroup;
			children = (
				DB6C3E541C34FE2B000A43AC /* Butler.app */,
			);
			name = Products;
			sourceTree = "<group>";
		};
		DB6C3E561C34FE2B000A43AC /* Butler */ = {
			isa = PBXGroup;
			children = (
				DB6C3E691C34FE46000A43AC /* Butler-Bridging-Header.h */,
				DB6C796E1C36397900FC4C10 /* Common */,
				DB6C3E6C1C34FE64000A43AC /* Vendor */,
				DB6C3E731C34FF68000A43AC /* LaunchModule */,
				DB6C796B1C357A2200FC4C10 /* LoginModule */,
				DBFE69AA1C37B60F009717A7 /* MainModule */,
				DB6C3E5B1C34FE2C000A43AC /* Main.storyboard */,
				DB6C3E5E1C34FE2C000A43AC /* Assets.xcassets */,
				DB6C3E601C34FE2C000A43AC /* LaunchScreen.storyboard */,
				DB6C3E631C34FE2C000A43AC /* Info.plist */,
			);
			path = Butler;
			sourceTree = "<group>";
		};
		DB6C3E6C1C34FE64000A43AC /* Vendor */ = {
			isa = PBXGroup;
			children = (
				DB5C30501C391D13000848A0 /* SWTableViewCell */,
				DB5C304A1C38DE0A000848A0 /* myUILabel */,
				DB6C79711C36733500FC4C10 /* LTMorphingLabel */,
				DB6C3E6D1C34FE72000A43AC /* RQShineLabel */,
			);
			name = Vendor;
			sourceTree = "<group>";
		};
		DB6C3E6D1C34FE72000A43AC /* RQShineLabel */ = {
			isa = PBXGroup;
			children = (
				DB6C3E6E1C34FEB5000A43AC /* RQShineLabel.h */,
				DB6C3E6F1C34FEB5000A43AC /* RQShineLabel.m */,
			);
			name = RQShineLabel;
			sourceTree = "<group>";
		};
		DB6C3E731C34FF68000A43AC /* LaunchModule */ = {
			isa = PBXGroup;
			children = (
				DB6C3E711C34FF51000A43AC /* LaunchViewController.swift */,
				DB6C3E741C350033000A43AC /* LaunchTextModel.swift */,
			);
			name = LaunchModule;
			sourceTree = "<group>";
		};
		DB6C796B1C357A2200FC4C10 /* LoginModule */ = {
			isa = PBXGroup;
			children = (
				DB6C796C1C357A5F00FC4C10 /* LoginViewController.swift */,
				DB6C79961C36746700FC4C10 /* LoginTextModel.swift */,
			);
			name = LoginModule;
			sourceTree = "<group>";
		};
		DB6C796E1C36397900FC4C10 /* Common */ = {
			isa = PBXGroup;
			children = (
				DB6C3E571C34FE2B000A43AC /* AppDelegate.swift */,
				DB6C796F1C3639A200FC4C10 /* CommonModel.swift */,
			);
			name = Common;
			sourceTree = "<group>";
		};
		DB6C79711C36733500FC4C10 /* LTMorphingLabel */ = {
			isa = PBXGroup;
			children = (
				DB6C79721C36733500FC4C10 /* Info.plist */,
				DB6C79731C36733500FC4C10 /* LTCharacterLimbo.swift */,
				DB6C79741C36733500FC4C10 /* LTEasing.swift */,
				DB6C79751C36733500FC4C10 /* LTEmitterView.swift */,
				DB6C79761C36733500FC4C10 /* LTMorphingEffect.swift */,
				DB6C79771C36733500FC4C10 /* LTMorphingLabel+Anvil.swift */,
				DB6C79781C36733500FC4C10 /* LTMorphingLabel+Burn.swift */,
				DB6C79791C36733500FC4C10 /* LTMorphingLabel+Evaporate.swift */,
				DB6C797A1C36733500FC4C10 /* LTMorphingLabel+Fall.swift */,
				DB6C797B1C36733500FC4C10 /* LTMorphingLabel+Pixelate.swift */,
				DB6C797C1C36733500FC4C10 /* LTMorphingLabel+Sparkle.swift */,
				DB6C797D1C36733500FC4C10 /* LTMorphingLabel.h */,
				DB6C797E1C36733500FC4C10 /* LTMorphingLabel.swift */,
				DB6C797F1C36733500FC4C10 /* NSString+LTMorphingLabel.swift */,
				DB6C79801C36733500FC4C10 /* Particles */,
			);
			path = LTMorphingLabel;
			sourceTree = "<group>";
		};
		DB6C79801C36733500FC4C10 /* Particles */ = {
			isa = PBXGroup;
			children = (
				DB6C79811C36733500FC4C10 /* Fire.png */,
				DB6C79821C36733500FC4C10 /* Fragment.png */,
				DB6C79831C36733500FC4C10 /* Smoke.png */,
				DB6C79841C36733500FC4C10 /* Sparkle.png */,
			);
			path = Particles;
			sourceTree = "<group>";
		};
		DBFE69AA1C37B60F009717A7 /* MainModule */ = {
			isa = PBXGroup;
			children = (
				DBFE69A81C37B5F5009717A7 /* MainViewController.swift */,
				DB5C30481C38C5BF000848A0 /* MainTableViewCell.swift */,
				DB5C304E1C39158E000848A0 /* MainModel.swift */,
				DB96F9ED1C3E39960014D10D /* DetailViewController.swift */,
			);
			name = MainModule;
			sourceTree = "<group>";
		};
/* End PBXGroup section */

/* Begin PBXNativeTarget section */
		DB6C3E531C34FE2B000A43AC /* Butler */ = {
			isa = PBXNativeTarget;
			buildConfigurationList = DB6C3E661C34FE2C000A43AC /* Build configuration list for PBXNativeTarget "Butler" */;
			buildPhases = (
				DB6C3E501C34FE2B000A43AC /* Sources */,
				DB6C3E511C34FE2B000A43AC /* Frameworks */,
				DB6C3E521C34FE2B000A43AC /* Resources */,
			);
			buildRules = (
			);
			dependencies = (
			);
			name = Butler;
			productName = Butler;
			productReference = DB6C3E541C34FE2B000A43AC /* Butler.app */;
			productType = "com.apple.product-type.application";
		};
/* End PBXNativeTarget section */

/* Begin PBXProject section */
		DB6C3E4C1C34FE2B000A43AC /* Project object */ = {
			isa = PBXProject;
			attributes = {
				LastSwiftUpdateCheck = 0720;
				LastUpgradeCheck = 0720;
				ORGANIZATIONNAME = NSNirvana;
				TargetAttributes = {
					DB6C3E531C34FE2B000A43AC = {
						CreatedOnToolsVersion = 7.2;
						DevelopmentTeam = QYV353CYL3;
					};
				};
			};
			buildConfigurationList = DB6C3E4F1C34FE2B000A43AC /* Build configuration list for PBXProject "Butler" */;
			compatibilityVersion = "Xcode 3.2";
			developmentRegion = English;
			hasScannedForEncodings = 0;
			knownRegions = (
				en,
				Base,
			);
			mainGroup = DB6C3E4B1C34FE2B000A43AC;
			productRefGroup = DB6C3E551C34FE2B000A43AC /* Products */;
			projectDirPath = "";
			projectRoot = "";
			targets = (
				DB6C3E531C34FE2B000A43AC /* Butler */,
			);
		};
/* End PBXProject section */

/* Begin PBXResourcesBuildPhase section */
		DB6C3E521C34FE2B000A43AC /* Resources */ = {
			isa = PBXResourcesBuildPhase;
			buildActionMask = 2147483647;
			files = (
				DB6C79951C36733500FC4C10 /* Sparkle.png in Resources */,
				DB6C79851C36733500FC4C10 /* Info.plist in Resources */,
				DB6C79931C36733500FC4C10 /* Fragment.png in Resources */,
				DB6C3E621C34FE2C000A43AC /* LaunchScreen.storyboard in Resources */,
				DB6C79921C36733500FC4C10 /* Fire.png in Resources */,
				DB6C3E5F1C34FE2C000A43AC /* Assets.xcassets in Resources */,
				DB6C79941C36733500FC4C10 /* Smoke.png in Resources */,
				DB6C3E5D1C34FE2C000A43AC /* Main.storyboard in Resources */,
			);
			runOnlyForDeploymentPostprocessing = 0;
		};
/* End PBXResourcesBuildPhase section */

/* Begin PBXSourcesBuildPhase section */
		DB6C3E501C34FE2B000A43AC /* Sources */ = {
			isa = PBXSourcesBuildPhase;
			buildActionMask = 2147483647;
			files = (
				DB6C796D1C357A5F00FC4C10 /* LoginViewController.swift in Sources */,
				DBFE69A91C37B5F5009717A7 /* MainViewController.swift in Sources */,
				DB5C30601C391D13000848A0 /* SWTableViewCell.m in Sources */,
				DB5C305D1C391D13000848A0 /* NSMutableArray+SWUtilityButtons.m in Sources */,
				DB5C305F1C391D13000848A0 /* SWLongPressGestureRecognizer.m in Sources */,
				DB6C79901C36733500FC4C10 /* LTMorphingLabel.swift in Sources */,
				DB6C798E1C36733500FC4C10 /* LTMorphingLabel+Pixelate.swift in Sources */,
				DB5C30621C391D13000848A0 /* SWUtilityButtonView.m in Sources */,
				DB6C79911C36733500FC4C10 /* NSString+LTMorphingLabel.swift in Sources */,
				DB6C79891C36733500FC4C10 /* LTMorphingEffect.swift in Sources */,
				DB5C304D1C38DE1E000848A0 /* myUILabel.m in Sources */,
				DB6C798D1C36733500FC4C10 /* LTMorphingLabel+Fall.swift in Sources */,
				DB6C3E581C34FE2B000A43AC /* AppDelegate.swift in Sources */,
				DB6C798A1C36733500FC4C10 /* LTMorphingLabel+Anvil.swift in Sources */,
				DB6C3E751C350033000A43AC /* LaunchTextModel.swift in Sources */,
				DB5C30491C38C5BF000848A0 /* MainTableViewCell.swift in Sources */,
				DB6C798F1C36733500FC4C10 /* LTMorphingLabel+Sparkle.swift in Sources */,
				DB5C304F1C39158E000848A0 /* MainModel.swift in Sources */,
				DB6C3E701C34FEB5000A43AC /* RQShineLabel.m in Sources */,
				DB6C79871C36733500FC4C10 /* LTEasing.swift in Sources */,
				DB6C798B1C36733500FC4C10 /* LTMorphingLabel+Burn.swift in Sources */,
				DB6C79701C3639A200FC4C10 /* CommonModel.swift in Sources */,
				DB6C3E721C34FF51000A43AC /* LaunchViewController.swift in Sources */,
				DB5C30611C391D13000848A0 /* SWUtilityButtonTapGestureRecognizer.m in Sources */,
				DB6C79971C36746700FC4C10 /* LoginTextModel.swift in Sources */,
				DB6C79861C36733500FC4C10 /* LTCharacterLimbo.swift in Sources */,
				DB5C305E1C391D13000848A0 /* SWCellScrollView.m in Sources */,
				DB96F9EE1C3E39960014D10D /* DetailViewController.swift in Sources */,
				DB6C798C1C36733500FC4C10 /* LTMorphingLabel+Evaporate.swift in Sources */,
				DB6C79881C36733500FC4C10 /* LTEmitterView.swift in Sources */,
			);
			runOnlyForDeploymentPostprocessing = 0;
		};
/* End PBXSourcesBuildPhase section */

/* Begin PBXVariantGroup section */
		DB6C3E5B1C34FE2C000A43AC /* Main.storyboard */ = {
			isa = PBXVariantGroup;
			children = (
				DB6C3E5C1C34FE2C000A43AC /* Base */,
			);
			name = Main.storyboard;
			sourceTree = "<group>";
		};
		DB6C3E601C34FE2C000A43AC /* LaunchScreen.storyboard */ = {
			isa = PBXVariantGroup;
			children = (
				DB6C3E611C34FE2C000A43AC /* Base */,
			);
			name = LaunchScreen.storyboard;
			sourceTree = "<group>";
		};
/* End PBXVariantGroup section */

/* Begin XCBuildConfiguration section */
		DB6C3E641C34FE2C000A43AC /* Debug */ = {
			isa = XCBuildConfiguration;
			buildSettings = {
				ALWAYS_SEARCH_USER_PATHS = NO;
				CLANG_CXX_LANGUAGE_STANDARD = "gnu++0x";
				CLANG_CXX_LIBRARY = "libc++";
				CLANG_ENABLE_MODULES = YES;
				CLANG_ENABLE_OBJC_ARC = YES;
				CLANG_WARN_BOOL_CONVERSION = YES;
				CLANG_WARN_CONSTANT_CONVERSION = YES;
				CLANG_WARN_DIRECT_OBJC_ISA_USAGE = YES_ERROR;
				CLANG_WARN_EMPTY_BODY = YES;
				CLANG_WARN_ENUM_CONVERSION = YES;
				CLANG_WARN_INT_CONVERSION = YES;
				CLANG_WARN_OBJC_ROOT_CLASS = YES_ERROR;
				CLANG_WARN_UNREACHABLE_CODE = YES;
				CLANG_WARN__DUPLICATE_METHOD_MATCH = YES;
				"CODE_SIGN_IDENTITY[sdk=iphoneos*]" = "iPhone Developer";
				COPY_PHASE_STRIP = NO;
				DEBUG_INFORMATION_FORMAT = dwarf;
				ENABLE_STRICT_OBJC_MSGSEND = YES;
				ENABLE_TESTABILITY = YES;
				GCC_C_LANGUAGE_STANDARD = gnu99;
				GCC_DYNAMIC_NO_PIC = NO;
				GCC_NO_COMMON_BLOCKS = YES;
				GCC_OPTIMIZATION_LEVEL = 0;
				GCC_PREPROCESSOR_DEFINITIONS = (
					"DEBUG=1",
					"$(inherited)",
				);
				GCC_WARN_64_TO_32_BIT_CONVERSION = YES;
				GCC_WARN_ABOUT_RETURN_TYPE = YES_ERROR;
				GCC_WARN_UNDECLARED_SELECTOR = YES;
				GCC_WARN_UNINITIALIZED_AUTOS = YES_AGGRESSIVE;
				GCC_WARN_UNUSED_FUNCTION = YES;
				GCC_WARN_UNUSED_VARIABLE = YES;
				IPHONEOS_DEPLOYMENT_TARGET = 9.2;
				MTL_ENABLE_DEBUG_INFO = YES;
				ONLY_ACTIVE_ARCH = YES;
				SDKROOT = iphoneos;
				SWIFT_OPTIMIZATION_LEVEL = "-Onone";
			};
			name = Debug;
		};
		DB6C3E651C34FE2C000A43AC /* Release */ = {
			isa = XCBuildConfiguration;
			buildSettings = {
				ALWAYS_SEARCH_USER_PATHS = NO;
				CLANG_CXX_LANGUAGE_STANDARD = "gnu++0x";
				CLANG_CXX_LIBRARY = "libc++";
				CLANG_ENABLE_MODULES = YES;
				CLANG_ENABLE_OBJC_ARC = YES;
				CLANG_WARN_BOOL_CONVERSION = YES;
				CLANG_WARN_CONSTANT_CONVERSION = YES;
				CLANG_WARN_DIRECT_OBJC_ISA_USAGE = YES_ERROR;
				CLANG_WARN_EMPTY_BODY = YES;
				CLANG_WARN_ENUM_CONVERSION = YES;
				CLANG_WARN_INT_CONVERSION = YES;
				CLANG_WARN_OBJC_ROOT_CLASS = YES_ERROR;
				CLANG_WARN_UNREACHABLE_CODE = YES;
				CLANG_WARN__DUPLICATE_METHOD_MATCH = YES;
				"CODE_SIGN_IDENTITY[sdk=iphoneos*]" = "iPhone Developer";
				COPY_PHASE_STRIP = NO;
				DEBUG_INFORMATION_FORMAT = "dwarf-with-dsym";
				ENABLE_NS_ASSERTIONS = NO;
				ENABLE_STRICT_OBJC_MSGSEND = YES;
				GCC_C_LANGUAGE_STANDARD = gnu99;
				GCC_NO_COMMON_BLOCKS = YES;
				GCC_WARN_64_TO_32_BIT_CONVERSION = YES;
				GCC_WARN_ABOUT_RETURN_TYPE = YES_ERROR;
				GCC_WARN_UNDECLARED_SELECTOR = YES;
				GCC_WARN_UNINITIALIZED_AUTOS = YES_AGGRESSIVE;
				GCC_WARN_UNUSED_FUNCTION = YES;
				GCC_WARN_UNUSED_VARIABLE = YES;
				IPHONEOS_DEPLOYMENT_TARGET = 9.2;
				MTL_ENABLE_DEBUG_INFO = NO;
				SDKROOT = iphoneos;
				VALIDATE_PRODUCT = YES;
			};
			name = Release;
		};
		DB6C3E671C34FE2C000A43AC /* Debug */ = {
			isa = XCBuildConfiguration;
			buildSettings = {
				ASSETCATALOG_COMPILER_APPICON_NAME = AppIcon;
				CLANG_ENABLE_MODULES = YES;
				INFOPLIST_FILE = Butler/Info.plist;
				LD_RUNPATH_SEARCH_PATHS = "$(inherited) @executable_path/Frameworks";
				PRODUCT_BUNDLE_IDENTIFIER = com.Zen.Butler;
				PRODUCT_NAME = "$(TARGET_NAME)";
				SWIFT_OBJC_BRIDGING_HEADER = "Butler/Butler-Bridging-Header.h";
				SWIFT_OPTIMIZATION_LEVEL = "-Onone";
			};
			name = Debug;
		};
		DB6C3E681C34FE2C000A43AC /* Release */ = {
			isa = XCBuildConfiguration;
			buildSettings = {
				ASSETCATALOG_COMPILER_APPICON_NAME = AppIcon;
				CLANG_ENABLE_MODULES = YES;
				INFOPLIST_FILE = Butler/Info.plist;
				LD_RUNPATH_SEARCH_PATHS = "$(inherited) @executable_path/Frameworks";
				PRODUCT_BUNDLE_IDENTIFIER = com.Zen.Butler;
				PRODUCT_NAME = "$(TARGET_NAME)";
				SWIFT_OBJC_BRIDGING_HEADER = "Butler/Butler-Bridging-Header.h";
			};
			name = Release;
		};
/* End XCBuildConfiguration section */

/* Begin XCConfigurationList section */
		DB6C3E4F1C34FE2B000A43AC /* Build configuration list for PBXProject "Butler" */ = {
			isa = XCConfigurationList;
			buildConfigurations = (
				DB6C3E641C34FE2C000A43AC /* Debug */,
				DB6C3E651C34FE2C000A43AC /* Release */,
			);
			defaultConfigurationIsVisible = 0;
			defaultConfigurationName = Release;
		};
		DB6C3E661C34FE2C000A43AC /* Build configuration list for PBXNativeTarget "Butler" */ = {
			isa = XCConfigurationList;
			buildConfigurations = (
				DB6C3E671C34FE2C000A43AC /* Debug */,
				DB6C3E681C34FE2C000A43AC /* Release */,
			);
			defaultConfigurationIsVisible = 0;
			defaultConfigurationName = Release;
		};
/* End XCConfigurationList section */
	};
	rootObject = DB6C3E4C1C34FE2B000A43AC /* Project object */;
}
