// !$*UTF8*$!
{
	archiveVersion = 1;
	classes = {
	};
	objectVersion = 46;
	objects = {

/* Begin PBXBuildFile section */
		DB1442641C4DB3610075F23B /* Info.plist in Resources */ = {isa = PBXBuildFile; fileRef = DB1442511C4DB3610075F23B /* Info.plist */; };
		DB1442651C4DB3610075F23B /* LTCharacterLimbo.swift in Sources */ = {isa = PBXBuildFile; fileRef = DB1442521C4DB3610075F23B /* LTCharacterLimbo.swift */; };
		DB1442661C4DB3610075F23B /* LTEasing.swift in Sources */ = {isa = PBXBuildFile; fileRef = DB1442531C4DB3610075F23B /* LTEasing.swift */; };
		DB1442671C4DB3610075F23B /* LTEmitterView.swift in Sources */ = {isa = PBXBuildFile; fileRef = DB1442541C4DB3610075F23B /* LTEmitterView.swift */; };
		DB1442681C4DB3610075F23B /* LTMorphingEffect.swift in Sources */ = {isa = PBXBuildFile; fileRef = DB1442551C4DB3610075F23B /* LTMorphingEffect.swift */; };
		DB1442691C4DB3610075F23B /* LTMorphingLabel+Anvil.swift in Sources */ = {isa = PBXBuildFile; fileRef = DB1442561C4DB3610075F23B /* LTMorphingLabel+Anvil.swift */; };
		DB14426A1C4DB3610075F23B /* LTMorphingLabel+Burn.swift in Sources */ = {isa = PBXBuildFile; fileRef = DB1442571C4DB3610075F23B /* LTMorphingLabel+Burn.swift */; };
		DB14426B1C4DB3610075F23B /* LTMorphingLabel+Evaporate.swift in Sources */ = {isa = PBXBuildFile; fileRef = DB1442581C4DB3610075F23B /* LTMorphingLabel+Evaporate.swift */; };
		DB14426C1C4DB3610075F23B /* LTMorphingLabel+Fall.swift in Sources */ = {isa = PBXBuildFile; fileRef = DB1442591C4DB3610075F23B /* LTMorphingLabel+Fall.swift */; };
		DB14426D1C4DB3610075F23B /* LTMorphingLabel+Pixelate.swift in Sources */ = {isa = PBXBuildFile; fileRef = DB14425A1C4DB3610075F23B /* LTMorphingLabel+Pixelate.swift */; };
		DB14426E1C4DB3610075F23B /* LTMorphingLabel+Sparkle.swift in Sources */ = {isa = PBXBuildFile; fileRef = DB14425B1C4DB3610075F23B /* LTMorphingLabel+Sparkle.swift */; };
		DB14426F1C4DB3610075F23B /* LTMorphingLabel.swift in Sources */ = {isa = PBXBuildFile; fileRef = DB14425D1C4DB3610075F23B /* LTMorphingLabel.swift */; };
		DB1442701C4DB3610075F23B /* NSString+LTMorphingLabel.swift in Sources */ = {isa = PBXBuildFile; fileRef = DB14425E1C4DB3610075F23B /* NSString+LTMorphingLabel.swift */; };
		DB1442711C4DB3610075F23B /* Fire.png in Resources */ = {isa = PBXBuildFile; fileRef = DB1442601C4DB3610075F23B /* Fire.png */; };
		DB1442721C4DB3610075F23B /* Fragment.png in Resources */ = {isa = PBXBuildFile; fileRef = DB1442611C4DB3610075F23B /* Fragment.png */; };
		DB1442731C4DB3610075F23B /* Smoke.png in Resources */ = {isa = PBXBuildFile; fileRef = DB1442621C4DB3610075F23B /* Smoke.png */; };
		DB1442741C4DB3610075F23B /* Sparkle.png in Resources */ = {isa = PBXBuildFile; fileRef = DB1442631C4DB3610075F23B /* Sparkle.png */; };
		DB5C30491C38C5BF000848A0 /* MainTableViewCell.swift in Sources */ = {isa = PBXBuildFile; fileRef = DB5C30481C38C5BF000848A0 /* MainTableViewCell.swift */; };
		DB5C304D1C38DE1E000848A0 /* myUILabel.m in Sources */ = {isa = PBXBuildFile; fileRef = DB5C304C1C38DE1E000848A0 /* myUILabel.m */; };
		DB5C304F1C39158E000848A0 /* MainModel.swift in Sources */ = {isa = PBXBuildFile; fileRef = DB5C304E1C39158E000848A0 /* MainModel.swift */; };
		DB6C3E581C34FE2B000A43AC /* AppDelegate.swift in Sources */ = {isa = PBXBuildFile; fileRef = DB6C3E571C34FE2B000A43AC /* AppDelegate.swift */; };
		DB6C3E5D1C34FE2C000A43AC /* Main.storyboard in Resources */ = {isa = PBXBuildFile; fileRef = DB6C3E5B1C34FE2C000A43AC /* Main.storyboard */; };
		DB6C3E5F1C34FE2C000A43AC /* Assets.xcassets in Resources */ = {isa = PBXBuildFile; fileRef = DB6C3E5E1C34FE2C000A43AC /* Assets.xcassets */; };
		DB6C3E621C34FE2C000A43AC /* LaunchScreen.storyboard in Resources */ = {isa = PBXBuildFile; fileRef = DB6C3E601C34FE2C000A43AC /* LaunchScreen.storyboard */; };
		DB6C3E701C34FEB5000A43AC /* RQShineLabel.m in Sources */ = {isa = PBXBuildFile; fileRef = DB6C3E6F1C34FEB5000A43AC /* RQShineLabel.m */; };
		DB6C3E721C34FF51000A43AC /* LaunchViewController.swift in Sources */ = {isa = PBXBuildFile; fileRef = DB6C3E711C34FF51000A43AC /* LaunchViewController.swift */; };
		DB6C3E751C350033000A43AC /* LaunchTextModel.swift in Sources */ = {isa = PBXBuildFile; fileRef = DB6C3E741C350033000A43AC /* LaunchTextModel.swift */; };
		DB6C796D1C357A5F00FC4C10 /* LoginViewController.swift in Sources */ = {isa = PBXBuildFile; fileRef = DB6C796C1C357A5F00FC4C10 /* LoginViewController.swift */; };
		DB6C79701C3639A200FC4C10 /* CommonModel.swift in Sources */ = {isa = PBXBuildFile; fileRef = DB6C796F1C3639A200FC4C10 /* CommonModel.swift */; };
		DB6C79971C36746700FC4C10 /* LoginTextModel.swift in Sources */ = {isa = PBXBuildFile; fileRef = DB6C79961C36746700FC4C10 /* LoginTextModel.swift */; };
		DB96F9EE1C3E39960014D10D /* DetailViewController.swift in Sources */ = {isa = PBXBuildFile; fileRef = DB96F9ED1C3E39960014D10D /* DetailViewController.swift */; };
		DBE5533E1C5301ED004A4FFC /* RealmSwift.framework in Frameworks */ = {isa = PBXBuildFile; fileRef = DBE5533C1C5301ED004A4FFC /* RealmSwift.framework */; };
		DBE5533F1C5301ED004A4FFC /* RealmSwift.framework in Embed Frameworks */ = {isa = PBXBuildFile; fileRef = DBE5533C1C5301ED004A4FFC /* RealmSwift.framework */; settings = {ATTRIBUTES = (CodeSignOnCopy, RemoveHeadersOnCopy, ); }; };
		DBE553401C5301ED004A4FFC /* Realm.framework in Frameworks */ = {isa = PBXBuildFile; fileRef = DBE5533D1C5301ED004A4FFC /* Realm.framework */; };
		DBE553411C5301ED004A4FFC /* Realm.framework in Embed Frameworks */ = {isa = PBXBuildFile; fileRef = DBE5533D1C5301ED004A4FFC /* Realm.framework */; settings = {ATTRIBUTES = (CodeSignOnCopy, RemoveHeadersOnCopy, ); }; };
		DBFE69A91C37B5F5009717A7 /* MainViewController.swift in Sources */ = {isa = PBXBuildFile; fileRef = DBFE69A81C37B5F5009717A7 /* MainViewController.swift */; };
/* End PBXBuildFile section */

/* Begin PBXCopyFilesBuildPhase section */
		DBE553421C5301ED004A4FFC /* Embed Frameworks */ = {
			isa = PBXCopyFilesBuildPhase;
			buildActionMask = 2147483647;
			dstPath = "";
			dstSubfolderSpec = 10;
			files = (
				DBE553411C5301ED004A4FFC /* Realm.framework in Embed Frameworks */,
				DBE5533F1C5301ED004A4FFC /* RealmSwift.framework in Embed Frameworks */,
			);
			name = "Embed Frameworks";
			runOnlyForDeploymentPostprocessing = 0;
		};
/* End PBXCopyFilesBuildPhase section */

/* Begin PBXFileReference section */
		DB1442511C4DB3610075F23B /* Info.plist */ = {isa = PBXFileReference; fileEncoding = 4; lastKnownFileType = text.plist.xml; path = Info.plist; sourceTree = "<group>"; };
		DB1442521C4DB3610075F23B /* LTCharacterLimbo.swift */ = {isa = PBXFileReference; fileEncoding = 4; lastKnownFileType = sourcecode.swift; path = LTCharacterLimbo.swift; sourceTree = "<group>"; };
		DB1442531C4DB3610075F23B /* LTEasing.swift */ = {isa = PBXFileReference; fileEncoding = 4; lastKnownFileType = sourcecode.swift; path = LTEasing.swift; sourceTree = "<group>"; };
		DB1442541C4DB3610075F23B /* LTEmitterView.swift */ = {isa = PBXFileReference; fileEncoding = 4; lastKnownFileType = sourcecode.swift; path = LTEmitterView.swift; sourceTree = "<group>"; };
		DB1442551C4DB3610075F23B /* LTMorphingEffect.swift */ = {isa = PBXFileReference; fileEncoding = 4; lastKnownFileType = sourcecode.swift; path = LTMorphingEffect.swift; sourceTree = "<group>"; };
		DB1442561C4DB3610075F23B /* LTMorphingLabel+Anvil.swift */ = {isa = PBXFileReference; fileEncoding = 4; lastKnownFileType = sourcecode.swift; path = "LTMorphingLabel+Anvil.swift"; sourceTree = "<group>"; };
		DB1442571C4DB3610075F23B /* LTMorphingLabel+Burn.swift */ = {isa = PBXFileReference; fileEncoding = 4; lastKnownFileType = sourcecode.swift; path = "LTMorphingLabel+Burn.swift"; sourceTree = "<group>"; };
		DB1442581C4DB3610075F23B /* LTMorphingLabel+Evaporate.swift */ = {isa = PBXFileReference; fileEncoding = 4; lastKnownFileType = sourcecode.swift; path = "LTMorphingLabel+Evaporate.swift"; sourceTree = "<group>"; };
		DB1442591C4DB3610075F23B /* LTMorphingLabel+Fall.swift */ = {isa = PBXFileReference; fileEncoding = 4; lastKnownFileType = sourcecode.swift; path = "LTMorphingLabel+Fall.swift"; sourceTree = "<group>"; };
		DB14425A1C4DB3610075F23B /* LTMorphingLabel+Pixelate.swift */ = {isa = PBXFileReference; fileEncoding = 4; lastKnownFileType = sourcecode.swift; path = "LTMorphingLabel+Pixelate.swift"; sourceTree = "<group>"; };
		DB14425B1C4DB3610075F23B /* LTMorphingLabel+Sparkle.swift */ = {isa = PBXFileReference; fileEncoding = 4; lastKnownFileType = sourcecode.swift; path = "LTMorphingLabel+Sparkle.swift"; sourceTree = "<group>"; };
		DB14425C1C4DB3610075F23B /* LTMorphingLabel.h */ = {isa = PBXFileReference; fileEncoding = 4; lastKnownFileType = sourcecode.c.h; path = LTMorphingLabel.h; sourceTree = "<group>"; };
		DB14425D1C4DB3610075F23B /* LTMorphingLabel.swift */ = {isa = PBXFileReference; fileEncoding = 4; lastKnownFileType = sourcecode.swift; path = LTMorphingLabel.swift; sourceTree = "<group>"; };
		DB14425E1C4DB3610075F23B /* NSString+LTMorphingLabel.swift */ = {isa = PBXFileReference; fileEncoding = 4; lastKnownFileType = sourcecode.swift; path = "NSString+LTMorphingLabel.swift"; sourceTree = "<group>"; };
		DB1442601C4DB3610075F23B /* Fire.png */ = {isa = PBXFileReference; lastKnownFileType = image.png; path = Fire.png; sourceTree = "<group>"; };
		DB1442611C4DB3610075F23B /* Fragment.png */ = {isa = PBXFileReference; lastKnownFileType = image.png; path = Fragment.png; sourceTree = "<group>"; };
		DB1442621C4DB3610075F23B /* Smoke.png */ = {isa = PBXFileReference; lastKnownFileType = image.png; path = Smoke.png; sourceTree = "<group>"; };
		DB1442631C4DB3610075F23B /* Sparkle.png */ = {isa = PBXFileReference; lastKnownFileType = image.png; path = Sparkle.png; sourceTree = "<group>"; };
		DB5C30481C38C5BF000848A0 /* MainTableViewCell.swift */ = {isa = PBXFileReference; fileEncoding = 4; lastKnownFileType = sourcecode.swift; path = MainTableViewCell.swift; sourceTree = "<group>"; };
		DB5C304B1C38DE1E000848A0 /* myUILabel.h */ = {isa = PBXFileReference; fileEncoding = 4; lastKnownFileType = sourcecode.c.h; path = myUILabel.h; sourceTree = "<group>"; };
		DB5C304C1C38DE1E000848A0 /* myUILabel.m */ = {isa = PBXFileReference; fileEncoding = 4; lastKnownFileType = sourcecode.c.objc; path = myUILabel.m; sourceTree = "<group>"; };
		DB5C304E1C39158E000848A0 /* MainModel.swift */ = {isa = PBXFileReference; fileEncoding = 4; lastKnownFileType = sourcecode.swift; path = MainModel.swift; sourceTree = "<group>"; };
		DB6C3E541C34FE2B000A43AC /* Butler.app */ = {isa = PBXFileReference; explicitFileType = wrapper.application; includeInIndex = 0; path = Butler.app; sourceTree = BUILT_PRODUCTS_DIR; };
		DB6C3E571C34FE2B000A43AC /* AppDelegate.swift */ = {isa = PBXFileReference; lastKnownFileType = sourcecode.swift; path = AppDelegate.swift; sourceTree = "<group>"; };
		DB6C3E5C1C34FE2C000A43AC /* Base */ = {isa = PBXFileReference; lastKnownFileType = file.storyboard; name = Base; path = Base.lproj/Main.storyboard; sourceTree = "<group>"; };
		DB6C3E5E1C34FE2C000A43AC /* Assets.xcassets */ = {isa = PBXFileReference; lastKnownFileType = folder.assetcatalog; path = Assets.xcassets; sourceTree = "<group>"; };
		DB6C3E611C34FE2C000A43AC /* Base */ = {isa = PBXFileReference; lastKnownFileType = file.storyboard; name = Base; path = Base.lproj/LaunchScreen.storyboard; sourceTree = "<group>"; };
		DB6C3E631C34FE2C000A43AC /* Info.plist */ = {isa = PBXFileReference; lastKnownFileType = text.plist.xml; path = Info.plist; sourceTree = "<group>"; };
		DB6C3E691C34FE46000A43AC /* Butler-Bridging-Header.h */ = {isa = PBXFileReference; lastKnownFileType = sourcecode.c.h; path = "Butler-Bridging-Header.h"; sourceTree = "<group>"; };
		DB6C3E6E1C34FEB5000A43AC /* RQShineLabel.h */ = {isa = PBXFileReference; fileEncoding = 4; lastKnownFileType = sourcecode.c.h; path = RQShineLabel.h; sourceTree = "<group>"; };
		DB6C3E6F1C34FEB5000A43AC /* RQShineLabel.m */ = {isa = PBXFileReference; fileEncoding = 4; lastKnownFileType = sourcecode.c.objc; path = RQShineLabel.m; sourceTree = "<group>"; };
		DB6C3E711C34FF51000A43AC /* LaunchViewController.swift */ = {isa = PBXFileReference; fileEncoding = 4; lastKnownFileType = sourcecode.swift; path = LaunchViewController.swift; sourceTree = "<group>"; };
		DB6C3E741C350033000A43AC /* LaunchTextModel.swift */ = {isa = PBXFileReference; fileEncoding = 4; lastKnownFileType = sourcecode.swift; path = LaunchTextModel.swift; sourceTree = "<group>"; };
		DB6C796C1C357A5F00FC4C10 /* LoginViewController.swift */ = {isa = PBXFileReference; fileEncoding = 4; lastKnownFileType = sourcecode.swift; path = LoginViewController.swift; sourceTree = "<group>"; };
		DB6C796F1C3639A200FC4C10 /* CommonModel.swift */ = {isa = PBXFileReference; fileEncoding = 4; lastKnownFileType = sourcecode.swift; path = CommonModel.swift; sourceTree = "<group>"; };
		DB6C79961C36746700FC4C10 /* LoginTextModel.swift */ = {isa = PBXFileReference; fileEncoding = 4; lastKnownFileType = sourcecode.swift; path = LoginTextModel.swift; sourceTree = "<group>"; };
		DB96F9ED1C3E39960014D10D /* DetailViewController.swift */ = {isa = PBXFileReference; fileEncoding = 4; lastKnownFileType = sourcecode.swift; path = DetailViewController.swift; sourceTree = "<group>"; };
		DBE5533C1C5301ED004A4FFC /* RealmSwift.framework */ = {isa = PBXFileReference; lastKnownFileType = wrapper.framework; name = RealmSwift.framework; path = ../RealmSwift.framework; sourceTree = "<group>"; };
		DBE5533D1C5301ED004A4FFC /* Realm.framework */ = {isa = PBXFileReference; lastKnownFileType = wrapper.framework; name = Realm.framework; path = ../Realm.framework; sourceTree = "<group>"; };
		DBFE69A81C37B5F5009717A7 /* MainViewController.swift */ = {isa = PBXFileReference; fileEncoding = 4; lastKnownFileType = sourcecode.swift; path = MainViewController.swift; sourceTree = "<group>"; };
/* End PBXFileReference section */

/* Begin PBXFrameworksBuildPhase section */
		DB6C3E511C34FE2B000A43AC /* Frameworks */ = {
			isa = PBXFrameworksBuildPhase;
			buildActionMask = 2147483647;
			files = (
				DBE553401C5301ED004A4FFC /* Realm.framework in Frameworks */,
				DBE5533E1C5301ED004A4FFC /* RealmSwift.framework in Frameworks */,
			);
			runOnlyForDeploymentPostprocessing = 0;
		};
/* End PBXFrameworksBuildPhase section */

/* Begin PBXGroup section */
		DB1442501C4DB3610075F23B /* LTMorphingLabel */ = {
			isa = PBXGroup;
			children = (
				DB1442511C4DB3610075F23B /* Info.plist */,
				DB1442521C4DB3610075F23B /* LTCharacterLimbo.swift */,
				DB1442531C4DB3610075F23B /* LTEasing.swift */,
				DB1442541C4DB3610075F23B /* LTEmitterView.swift */,
				DB1442551C4DB3610075F23B /* LTMorphingEffect.swift */,
				DB1442561C4DB3610075F23B /* LTMorphingLabel+Anvil.swift */,
				DB1442571C4DB3610075F23B /* LTMorphingLabel+Burn.swift */,
				DB1442581C4DB3610075F23B /* LTMorphingLabel+Evaporate.swift */,
				DB1442591C4DB3610075F23B /* LTMorphingLabel+Fall.swift */,
				DB14425A1C4DB3610075F23B /* LTMorphingLabel+Pixelate.swift */,
				DB14425B1C4DB3610075F23B /* LTMorphingLabel+Sparkle.swift */,
				DB14425C1C4DB3610075F23B /* LTMorphingLabel.h */,
				DB14425D1C4DB3610075F23B /* LTMorphingLabel.swift */,
				DB14425E1C4DB3610075F23B /* NSString+LTMorphingLabel.swift */,
				DB14425F1C4DB3610075F23B /* Particles */,
			);
			path = LTMorphingLabel;
			sourceTree = "<group>";
		};
		DB14425F1C4DB3610075F23B /* Particles */ = {
			isa = PBXGroup;
			children = (
				DB1442601C4DB3610075F23B /* Fire.png */,
				DB1442611C4DB3610075F23B /* Fragment.png */,
				DB1442621C4DB3610075F23B /* Smoke.png */,
				DB1442631C4DB3610075F23B /* Sparkle.png */,
			);
			path = Particles;
			sourceTree = "<group>";
		};
		DB5C304A1C38DE0A000848A0 /* myUILabel */ = {
			isa = PBXGroup;
			children = (
				DB5C304B1C38DE1E000848A0 /* myUILabel.h */,
				DB5C304C1C38DE1E000848A0 /* myUILabel.m */,
			);
			name = myUILabel;
			sourceTree = "<group>";
		};
		DB6C3E4B1C34FE2B000A43AC = {
			isa = PBXGroup;
			children = (
				DB6C3E561C34FE2B000A43AC /* Butler */,
				DB6C3E551C34FE2B000A43AC /* Products */,
			);
			sourceTree = "<group>";
		};
		DB6C3E551C34FE2B000A43AC /* Products */ = {
			isa = PBXGroup;
			children = (
				DB6C3E541C34FE2B000A43AC /* Butler.app */,
			);
			name = Products;
			sourceTree = "<group>";
		};
		DB6C3E561C34FE2B000A43AC /* Butler */ = {
			isa = PBXGroup;
			children = (
				DB6C3E691C34FE46000A43AC /* Butler-Bridging-Header.h */,
				DB6C796E1C36397900FC4C10 /* Common */,
				DB6C3E6C1C34FE64000A43AC /* Vendor */,
				DB6C3E731C34FF68000A43AC /* LaunchModule */,
				DB6C796B1C357A2200FC4C10 /* LoginModule */,
				DBFE69AA1C37B60F009717A7 /* MainModule */,
				DB6C3E5B1C34FE2C000A43AC /* Main.storyboard */,
				DB6C3E5E1C34FE2C000A43AC /* Assets.xcassets */,
				DB6C3E601C34FE2C000A43AC /* LaunchScreen.storyboard */,
				DB6C3E631C34FE2C000A43AC /* Info.plist */,
			);
			path = Butler;
			sourceTree = "<group>";
		};
		DB6C3E6C1C34FE64000A43AC /* Vendor */ = {
			isa = PBXGroup;
			children = (
				DBE553431C5301FC004A4FFC /* Realm */,
				DB1442501C4DB3610075F23B /* LTMorphingLabel */,
				DB5C304A1C38DE0A000848A0 /* myUILabel */,
				DB6C3E6D1C34FE72000A43AC /* RQShineLabel */,
			);
			name = Vendor;
			sourceTree = "<group>";
		};
		DB6C3E6D1C34FE72000A43AC /* RQShineLabel */ = {
			isa = PBXGroup;
			children = (
				DB6C3E6E1C34FEB5000A43AC /* RQShineLabel.h */,
				DB6C3E6F1C34FEB5000A43AC /* RQShineLabel.m */,
			);
			name = RQShineLabel;
			sourceTree = "<group>";
		};
		DB6C3E731C34FF68000A43AC /* LaunchModule */ = {
			isa = PBXGroup;
			children = (
				DB6C3E711C34FF51000A43AC /* LaunchViewController.swift */,
				DB6C3E741C350033000A43AC /* LaunchTextModel.swift */,
			);
			name = LaunchModule;
			sourceTree = "<group>";
		};
		DB6C796B1C357A2200FC4C10 /* LoginModule */ = {
			isa = PBXGroup;
			children = (
				DB6C796C1C357A5F00FC4C10 /* LoginViewController.swift */,
				DB6C79961C36746700FC4C10 /* LoginTextModel.swift */,
			);
			name = LoginModule;
			sourceTree = "<group>";
		};
		DB6C796E1C36397900FC4C10 /* Common */ = {
			isa = PBXGroup;
			children = (
				DB6C3E571C34FE2B000A43AC /* AppDelegate.swift */,
				DB6C796F1C3639A200FC4C10 /* CommonModel.swift */,
			);
			name = Common;
			sourceTree = "<group>";
		};
		DBE553431C5301FC004A4FFC /* Realm */ = {
			isa = PBXGroup;
			children = (
				DBE5533C1C5301ED004A4FFC /* RealmSwift.framework */,
				DBE5533D1C5301ED004A4FFC /* Realm.framework */,
			);
			name = Realm;
			sourceTree = "<group>";
		};
		DBFE69AA1C37B60F009717A7 /* MainModule */ = {
			isa = PBXGroup;
			children = (
				DBFE69A81C37B5F5009717A7 /* MainViewController.swift */,
				DB5C30481C38C5BF000848A0 /* MainTableViewCell.swift */,
				DB5C304E1C39158E000848A0 /* MainModel.swift */,
				DB96F9ED1C3E39960014D10D /* DetailViewController.swift */,
			);
			name = MainModule;
			sourceTree = "<group>";
		};
/* End PBXGroup section */

/* Begin PBXNativeTarget section */
		DB6C3E531C34FE2B000A43AC /* Butler */ = {
			isa = PBXNativeTarget;
			buildConfigurationList = DB6C3E661C34FE2C000A43AC /* Build configuration list for PBXNativeTarget "Butler" */;
			buildPhases = (
				DB6C3E501C34FE2B000A43AC /* Sources */,
				DB6C3E511C34FE2B000A43AC /* Frameworks */,
				DB6C3E521C34FE2B000A43AC /* Resources */,
				DBE553421C5301ED004A4FFC /* Embed Frameworks */,
			);
			buildRules = (
			);
			dependencies = (
			);
			name = Butler;
			productName = Butler;
			productReference = DB6C3E541C34FE2B000A43AC /* Butler.app */;
			productType = "com.apple.product-type.application";
		};
/* End PBXNativeTarget section */

/* Begin PBXProject section */
		DB6C3E4C1C34FE2B000A43AC /* Project object */ = {
			isa = PBXProject;
			attributes = {
				LastSwiftUpdateCheck = 0720;
				LastUpgradeCheck = 0720;
				ORGANIZATIONNAME = NSNirvana;
				TargetAttributes = {
					DB6C3E531C34FE2B000A43AC = {
						CreatedOnToolsVersion = 7.2;
						DevelopmentTeam = QYV353CYL3;
					};
				};
			};
			buildConfigurationList = DB6C3E4F1C34FE2B000A43AC /* Build configuration list for PBXProject "Butler" */;
			compatibilityVersion = "Xcode 3.2";
			developmentRegion = English;
			hasScannedForEncodings = 0;
			knownRegions = (
				en,
				Base,
			);
			mainGroup = DB6C3E4B1C34FE2B000A43AC;
			productRefGroup = DB6C3E551C34FE2B000A43AC /* Products */;
			projectDirPath = "";
			projectRoot = "";
			targets = (
				DB6C3E531C34FE2B000A43AC /* Butler */,
			);
		};
/* End PBXProject section */

/* Begin PBXResourcesBuildPhase section */
		DB6C3E521C34FE2B000A43AC /* Resources */ = {
			isa = PBXResourcesBuildPhase;
			buildActionMask = 2147483647;
			files = (
				DB1442741C4DB3610075F23B /* Sparkle.png in Resources */,
				DB1442641C4DB3610075F23B /* Info.plist in Resources */,
				DB1442721C4DB3610075F23B /* Fragment.png in Resources */,
				DB6C3E621C34FE2C000A43AC /* LaunchScreen.storyboard in Resources */,
				DB1442711C4DB3610075F23B /* Fire.png in Resources */,
				DB6C3E5F1C34FE2C000A43AC /* Assets.xcassets in Resources */,
				DB1442731C4DB3610075F23B /* Smoke.png in Resources */,
				DB6C3E5D1C34FE2C000A43AC /* Main.storyboard in Resources */,
			);
			runOnlyForDeploymentPostprocessing = 0;
		};
/* End PBXResourcesBuildPhase section */

/* Begin PBXSourcesBuildPhase section */
		DB6C3E501C34FE2B000A43AC /* Sources */ = {
			isa = PBXSourcesBuildPhase;
			buildActionMask = 2147483647;
			files = (
				DB1442661C4DB3610075F23B /* LTEasing.swift in Sources */,
				DB14426E1C4DB3610075F23B /* LTMorphingLabel+Sparkle.swift in Sources */,
				DB14426A1C4DB3610075F23B /* LTMorphingLabel+Burn.swift in Sources */,
				DB6C796D1C357A5F00FC4C10 /* LoginViewController.swift in Sources */,
				DB1442681C4DB3610075F23B /* LTMorphingEffect.swift in Sources */,
				DB1442651C4DB3610075F23B /* LTCharacterLimbo.swift in Sources */,
				DB14426F1C4DB3610075F23B /* LTMorphingLabel.swift in Sources */,
				DB1442691C4DB3610075F23B /* LTMorphingLabel+Anvil.swift in Sources */,
				DBFE69A91C37B5F5009717A7 /* MainViewController.swift in Sources */,
				DB5C304D1C38DE1E000848A0 /* myUILabel.m in Sources */,
				DB1442671C4DB3610075F23B /* LTEmitterView.swift in Sources */,
				DB6C3E581C34FE2B000A43AC /* AppDelegate.swift in Sources */,
				DB6C3E751C350033000A43AC /* LaunchTextModel.swift in Sources */,
				DB14426C1C4DB3610075F23B /* LTMorphingLabel+Fall.swift in Sources */,
				DB5C30491C38C5BF000848A0 /* MainTableViewCell.swift in Sources */,
				DB5C304F1C39158E000848A0 /* MainModel.swift in Sources */,
				DB1442701C4DB3610075F23B /* NSString+LTMorphingLabel.swift in Sources */,
				DB6C3E701C34FEB5000A43AC /* RQShineLabel.m in Sources */,
				DB14426B1C4DB3610075F23B /* LTMorphingLabel+Evaporate.swift in Sources */,
				DB6C79701C3639A200FC4C10 /* CommonModel.swift in Sources */,
				DB6C3E721C34FF51000A43AC /* LaunchViewController.swift in Sources */,
				DB6C79971C36746700FC4C10 /* LoginTextModel.swift in Sources */,
				DB14426D1C4DB3610075F23B /* LTMorphingLabel+Pixelate.swift in Sources */,
				DB96F9EE1C3E39960014D10D /* DetailViewController.swift in Sources */,
			);
			runOnlyForDeploymentPostprocessing = 0;
		};
/* End PBXSourcesBuildPhase section */

/* Begin PBXVariantGroup section */
		DB6C3E5B1C34FE2C000A43AC /* Main.storyboard */ = {
			isa = PBXVariantGroup;
			children = (
				DB6C3E5C1C34FE2C000A43AC /* Base */,
			);
			name = Main.storyboard;
			sourceTree = "<group>";
		};
		DB6C3E601C34FE2C000A43AC /* LaunchScreen.storyboard */ = {
			isa = PBXVariantGroup;
			children = (
				DB6C3E611C34FE2C000A43AC /* Base */,
			);
			name = LaunchScreen.storyboard;
			sourceTree = "<group>";
		};
/* End PBXVariantGroup section */

/* Begin XCBuildConfiguration section */
		DB6C3E641C34FE2C000A43AC /* Debug */ = {
			isa = XCBuildConfiguration;
			buildSettings = {
				ALWAYS_SEARCH_USER_PATHS = NO;
				CLANG_CXX_LANGUAGE_STANDARD = "gnu++0x";
				CLANG_CXX_LIBRARY = "libc++";
				CLANG_ENABLE_MODULES = YES;
				CLANG_ENABLE_OBJC_ARC = YES;
				CLANG_WARN_BOOL_CONVERSION = YES;
				CLANG_WARN_CONSTANT_CONVERSION = YES;
				CLANG_WARN_DIRECT_OBJC_ISA_USAGE = YES_ERROR;
				CLANG_WARN_EMPTY_BODY = YES;
				CLANG_WARN_ENUM_CONVERSION = YES;
				CLANG_WARN_INT_CONVERSION = YES;
				CLANG_WARN_OBJC_ROOT_CLASS = YES_ERROR;
				CLANG_WARN_UNREACHABLE_CODE = YES;
				CLANG_WARN__DUPLICATE_METHOD_MATCH = YES;
				"CODE_SIGN_IDENTITY[sdk=iphoneos*]" = "iPhone Developer";
				COPY_PHASE_STRIP = NO;
				DEBUG_INFORMATION_FORMAT = dwarf;
				ENABLE_STRICT_OBJC_MSGSEND = YES;
				ENABLE_TESTABILITY = YES;
				GCC_C_LANGUAGE_STANDARD = gnu99;
				GCC_DYNAMIC_NO_PIC = NO;
				GCC_NO_COMMON_BLOCKS = YES;
				GCC_OPTIMIZATION_LEVEL = 0;
				GCC_PREPROCESSOR_DEFINITIONS = (
					"DEBUG=1",
					"$(inherited)",
				);
				GCC_WARN_64_TO_32_BIT_CONVERSION = YES;
				GCC_WARN_ABOUT_RETURN_TYPE = YES_ERROR;
				GCC_WARN_UNDECLARED_SELECTOR = YES;
				GCC_WARN_UNINITIALIZED_AUTOS = YES_AGGRESSIVE;
				GCC_WARN_UNUSED_FUNCTION = YES;
				GCC_WARN_UNUSED_VARIABLE = YES;
				IPHONEOS_DEPLOYMENT_TARGET = 9.2;
				MTL_ENABLE_DEBUG_INFO = YES;
				ONLY_ACTIVE_ARCH = YES;
				SDKROOT = iphoneos;
				SWIFT_OPTIMIZATION_LEVEL = "-Onone";
			};
			name = Debug;
		};
		DB6C3E651C34FE2C000A43AC /* Release */ = {
			isa = XCBuildConfiguration;
			buildSettings = {
				ALWAYS_SEARCH_USER_PATHS = NO;
				CLANG_CXX_LANGUAGE_STANDARD = "gnu++0x";
				CLANG_CXX_LIBRARY = "libc++";
				CLANG_ENABLE_MODULES = YES;
				CLANG_ENABLE_OBJC_ARC = YES;
				CLANG_WARN_BOOL_CONVERSION = YES;
				CLANG_WARN_CONSTANT_CONVERSION = YES;
				CLANG_WARN_DIRECT_OBJC_ISA_USAGE = YES_ERROR;
				CLANG_WARN_EMPTY_BODY = YES;
				CLANG_WARN_ENUM_CONVERSION = YES;
				CLANG_WARN_INT_CONVERSION = YES;
				CLANG_WARN_OBJC_ROOT_CLASS = YES_ERROR;
				CLANG_WARN_UNREACHABLE_CODE = YES;
				CLANG_WARN__DUPLICATE_METHOD_MATCH = YES;
				"CODE_SIGN_IDENTITY[sdk=iphoneos*]" = "iPhone Developer";
				COPY_PHASE_STRIP = NO;
				DEBUG_INFORMATION_FORMAT = "dwarf-with-dsym";
				ENABLE_NS_ASSERTIONS = NO;
				ENABLE_STRICT_OBJC_MSGSEND = YES;
				GCC_C_LANGUAGE_STANDARD = gnu99;
				GCC_NO_COMMON_BLOCKS = YES;
				GCC_WARN_64_TO_32_BIT_CONVERSION = YES;
				GCC_WARN_ABOUT_RETURN_TYPE = YES_ERROR;
				GCC_WARN_UNDECLARED_SELECTOR = YES;
				GCC_WARN_UNINITIALIZED_AUTOS = YES_AGGRESSIVE;
				GCC_WARN_UNUSED_FUNCTION = YES;
				GCC_WARN_UNUSED_VARIABLE = YES;
				IPHONEOS_DEPLOYMENT_TARGET = 9.2;
				MTL_ENABLE_DEBUG_INFO = NO;
				SDKROOT = iphoneos;
				VALIDATE_PRODUCT = YES;
			};
			name = Release;
		};
		DB6C3E671C34FE2C000A43AC /* Debug */ = {
			isa = XCBuildConfiguration;
			buildSettings = {
				ASSETCATALOG_COMPILER_APPICON_NAME = AppIcon;
				CLANG_ENABLE_MODULES = YES;
				FRAMEWORK_SEARCH_PATHS = (
					"$(inherited)",
					"$(PROJECT_DIR)",
				);
				GCC_VERSION = "";
				INFOPLIST_FILE = Butler/Info.plist;
				LD_RUNPATH_SEARCH_PATHS = "$(inherited) @executable_path/Frameworks";
				PRODUCT_BUNDLE_IDENTIFIER = com.Zen.Butler;
				PRODUCT_NAME = "$(TARGET_NAME)";
				SWIFT_OBJC_BRIDGING_HEADER = "Butler/Butler-Bridging-Header.h";
				SWIFT_OPTIMIZATION_LEVEL = "-Onone";
			};
			name = Debug;
		};
		DB6C3E681C34FE2C000A43AC /* Release */ = {
			isa = XCBuildConfiguration;
			buildSettings = {
				ASSETCATALOG_COMPILER_APPICON_NAME = AppIcon;
				CLANG_ENABLE_MODULES = YES;
				FRAMEWORK_SEARCH_PATHS = (
					"$(inherited)",
					"$(PROJECT_DIR)",
				);
				GCC_VERSION = "";
				INFOPLIST_FILE = Butler/Info.plist;
				LD_RUNPATH_SEARCH_PATHS = "$(inherited) @executable_path/Frameworks";
				PRODUCT_BUNDLE_IDENTIFIER = com.Zen.Butler;
				PRODUCT_NAME = "$(TARGET_NAME)";
				SWIFT_OBJC_BRIDGING_HEADER = "Butler/Butler-Bridging-Header.h";
			};
			name = Release;
		};
/* End XCBuildConfiguration section */

/* Begin XCConfigurationList section */
		DB6C3E4F1C34FE2B000A43AC /* Build configuration list for PBXProject "Butler" */ = {
			isa = XCConfigurationList;
			buildConfigurations = (
				DB6C3E641C34FE2C000A43AC /* Debug */,
				DB6C3E651C34FE2C000A43AC /* Release */,
			);
			defaultConfigurationIsVisible = 0;
			defaultConfigurationName = Release;
		};
		DB6C3E661C34FE2C000A43AC /* Build configuration list for PBXNativeTarget "Butler" */ = {
			isa = XCConfigurationList;
			buildConfigurations = (
				DB6C3E671C34FE2C000A43AC /* Debug */,
				DB6C3E681C34FE2C000A43AC /* Release */,
			);
			defaultConfigurationIsVisible = 0;
			defaultConfigurationName = Release;
		};
/* End XCConfigurationList section */
	};
	rootObject = DB6C3E4C1C34FE2B000A43AC /* Project object */;
}
