// !$*UTF8*$!
{
	archiveVersion = 1;
	classes = {
	};
	objectVersion = 46;
	objects = {

/* Begin PBXBuildFile section */
		DB6C3E581C34FE2B000A43AC /* AppDelegate.swift in Sources */ = {isa = PBXBuildFile; fileRef = DB6C3E571C34FE2B000A43AC /* AppDelegate.swift */; };
		DB6C3E5A1C34FE2B000A43AC /* ViewController.swift in Sources */ = {isa = PBXBuildFile; fileRef = DB6C3E591C34FE2B000A43AC /* ViewController.swift */; };
		DB6C3E5D1C34FE2C000A43AC /* Main.storyboard in Resources */ = {isa = PBXBuildFile; fileRef = DB6C3E5B1C34FE2C000A43AC /* Main.storyboard */; };
		DB6C3E5F1C34FE2C000A43AC /* Assets.xcassets in Resources */ = {isa = PBXBuildFile; fileRef = DB6C3E5E1C34FE2C000A43AC /* Assets.xcassets */; };
		DB6C3E621C34FE2C000A43AC /* LaunchScreen.storyboard in Resources */ = {isa = PBXBuildFile; fileRef = DB6C3E601C34FE2C000A43AC /* LaunchScreen.storyboard */; };
		DB6C3E701C34FEB5000A43AC /* RQShineLabel.m in Sources */ = {isa = PBXBuildFile; fileRef = DB6C3E6F1C34FEB5000A43AC /* RQShineLabel.m */; };
		DB6C3E721C34FF51000A43AC /* LaunchViewController.swift in Sources */ = {isa = PBXBuildFile; fileRef = DB6C3E711C34FF51000A43AC /* LaunchViewController.swift */; };
		DB6C3E751C350033000A43AC /* LaunchTextModel.swift in Sources */ = {isa = PBXBuildFile; fileRef = DB6C3E741C350033000A43AC /* LaunchTextModel.swift */; };
		DB6C796A1C3579D100FC4C10 /* BubbleTransition.swift in Sources */ = {isa = PBXBuildFile; fileRef = DB6C79691C3579D100FC4C10 /* BubbleTransition.swift */; };
		DB6C796D1C357A5F00FC4C10 /* LoginViewController.swift in Sources */ = {isa = PBXBuildFile; fileRef = DB6C796C1C357A5F00FC4C10 /* LoginViewController.swift */; };
/* End PBXBuildFile section */

/* Begin PBXFileReference section */
		DB6C3E541C34FE2B000A43AC /* Butler.app */ = {isa = PBXFileReference; explicitFileType = wrapper.application; includeInIndex = 0; path = Butler.app; sourceTree = BUILT_PRODUCTS_DIR; };
		DB6C3E571C34FE2B000A43AC /* AppDelegate.swift */ = {isa = PBXFileReference; lastKnownFileType = sourcecode.swift; path = AppDelegate.swift; sourceTree = "<group>"; };
		DB6C3E591C34FE2B000A43AC /* ViewController.swift */ = {isa = PBXFileReference; lastKnownFileType = sourcecode.swift; path = ViewController.swift; sourceTree = "<group>"; };
		DB6C3E5C1C34FE2C000A43AC /* Base */ = {isa = PBXFileReference; lastKnownFileType = file.storyboard; name = Base; path = Base.lproj/Main.storyboard; sourceTree = "<group>"; };
		DB6C3E5E1C34FE2C000A43AC /* Assets.xcassets */ = {isa = PBXFileReference; lastKnownFileType = folder.assetcatalog; path = Assets.xcassets; sourceTree = "<group>"; };
		DB6C3E611C34FE2C000A43AC /* Base */ = {isa = PBXFileReference; lastKnownFileType = file.storyboard; name = Base; path = Base.lproj/LaunchScreen.storyboard; sourceTree = "<group>"; };
		DB6C3E631C34FE2C000A43AC /* Info.plist */ = {isa = PBXFileReference; lastKnownFileType = text.plist.xml; path = Info.plist; sourceTree = "<group>"; };
		DB6C3E691C34FE46000A43AC /* Butler-Bridging-Header.h */ = {isa = PBXFileReference; lastKnownFileType = sourcecode.c.h; path = "Butler-Bridging-Header.h"; sourceTree = "<group>"; };
		DB6C3E6E1C34FEB5000A43AC /* RQShineLabel.h */ = {isa = PBXFileReference; fileEncoding = 4; lastKnownFileType = sourcecode.c.h; path = RQShineLabel.h; sourceTree = "<group>"; };
		DB6C3E6F1C34FEB5000A43AC /* RQShineLabel.m */ = {isa = PBXFileReference; fileEncoding = 4; lastKnownFileType = sourcecode.c.objc; path = RQShineLabel.m; sourceTree = "<group>"; };
		DB6C3E711C34FF51000A43AC /* LaunchViewController.swift */ = {isa = PBXFileReference; fileEncoding = 4; lastKnownFileType = sourcecode.swift; path = LaunchViewController.swift; sourceTree = "<group>"; };
		DB6C3E741C350033000A43AC /* LaunchTextModel.swift */ = {isa = PBXFileReference; fileEncoding = 4; lastKnownFileType = sourcecode.swift; path = LaunchTextModel.swift; sourceTree = "<group>"; };
		DB6C79691C3579D100FC4C10 /* BubbleTransition.swift */ = {isa = PBXFileReference; fileEncoding = 4; lastKnownFileType = sourcecode.swift; path = BubbleTransition.swift; sourceTree = "<group>"; };
		DB6C796C1C357A5F00FC4C10 /* LoginViewController.swift */ = {isa = PBXFileReference; fileEncoding = 4; lastKnownFileType = sourcecode.swift; path = LoginViewController.swift; sourceTree = "<group>"; };
/* End PBXFileReference section */

/* Begin PBXFrameworksBuildPhase section */
		DB6C3E511C34FE2B000A43AC /* Frameworks */ = {
			isa = PBXFrameworksBuildPhase;
			buildActionMask = 2147483647;
			files = (
			);
			runOnlyForDeploymentPostprocessing = 0;
		};
/* End PBXFrameworksBuildPhase section */

/* Begin PBXGroup section */
		DB6C3E4B1C34FE2B000A43AC = {
			isa = PBXGroup;
			children = (
				DB6C3E561C34FE2B000A43AC /* Butler */,
				DB6C3E551C34FE2B000A43AC /* Products */,
			);
			sourceTree = "<group>";
		};
		DB6C3E551C34FE2B000A43AC /* Products */ = {
			isa = PBXGroup;
			children = (
				DB6C3E541C34FE2B000A43AC /* Butler.app */,
			);
			name = Products;
			sourceTree = "<group>";
		};
		DB6C3E561C34FE2B000A43AC /* Butler */ = {
			isa = PBXGroup;
			children = (
				DB6C3E691C34FE46000A43AC /* Butler-Bridging-Header.h */,
				DB6C3E571C34FE2B000A43AC /* AppDelegate.swift */,
				DB6C3E6C1C34FE64000A43AC /* Vendor */,
				DB6C3E731C34FF68000A43AC /* LaunchModule */,
				DB6C796B1C357A2200FC4C10 /* LoginModule */,
				DB6C3E591C34FE2B000A43AC /* ViewController.swift */,
				DB6C3E5B1C34FE2C000A43AC /* Main.storyboard */,
				DB6C3E5E1C34FE2C000A43AC /* Assets.xcassets */,
				DB6C3E601C34FE2C000A43AC /* LaunchScreen.storyboard */,
				DB6C3E631C34FE2C000A43AC /* Info.plist */,
			);
			path = Butler;
			sourceTree = "<group>";
		};
		DB6C3E6C1C34FE64000A43AC /* Vendor */ = {
			isa = PBXGroup;
			children = (
				DB6C79681C3579BA00FC4C10 /* BubbleTransition */,
				DB6C3E6D1C34FE72000A43AC /* RQShineLabel */,
			);
			name = Vendor;
			sourceTree = "<group>";
		};
		DB6C3E6D1C34FE72000A43AC /* RQShineLabel */ = {
			isa = PBXGroup;
			children = (
				DB6C3E6E1C34FEB5000A43AC /* RQShineLabel.h */,
				DB6C3E6F1C34FEB5000A43AC /* RQShineLabel.m */,
			);
			name = RQShineLabel;
			sourceTree = "<group>";
		};
		DB6C3E731C34FF68000A43AC /* LaunchModule */ = {
			isa = PBXGroup;
			children = (
				DB6C3E711C34FF51000A43AC /* LaunchViewController.swift */,
				DB6C3E741C350033000A43AC /* LaunchTextModel.swift */,
			);
			name = LaunchModule;
			sourceTree = "<group>";
		};
		DB6C79681C3579BA00FC4C10 /* BubbleTransition */ = {
			isa = PBXGroup;
			children = (
				DB6C79691C3579D100FC4C10 /* BubbleTransition.swift */,
			);
			name = BubbleTransition;
			sourceTree = "<group>";
		};
		DB6C796B1C357A2200FC4C10 /* LoginModule */ = {
			isa = PBXGroup;
			children = (
				DB6C796C1C357A5F00FC4C10 /* LoginViewController.swift */,
			);
			name = LoginModule;
			sourceTree = "<group>";
		};
/* End PBXGroup section */

/* Begin PBXNativeTarget section */
		DB6C3E531C34FE2B000A43AC /* Butler */ = {
			isa = PBXNativeTarget;
			buildConfigurationList = DB6C3E661C34FE2C000A43AC /* Build configuration list for PBXNativeTarget "Butler" */;
			buildPhases = (
				DB6C3E501C34FE2B000A43AC /* Sources */,
				DB6C3E511C34FE2B000A43AC /* Frameworks */,
				DB6C3E521C34FE2B000A43AC /* Resources */,
			);
			buildRules = (
			);
			dependencies = (
			);
			name = Butler;
			productName = Butler;
			productReference = DB6C3E541C34FE2B000A43AC /* Butler.app */;
			productType = "com.apple.product-type.application";
		};
/* End PBXNativeTarget section */

/* Begin PBXProject section */
		DB6C3E4C1C34FE2B000A43AC /* Project object */ = {
			isa = PBXProject;
			attributes = {
				LastSwiftUpdateCheck = 0720;
				LastUpgradeCheck = 0720;
				ORGANIZATIONNAME = NSNirvana;
				TargetAttributes = {
					DB6C3E531C34FE2B000A43AC = {
						CreatedOnToolsVersion = 7.2;
						DevelopmentTeam = QYV353CYL3;
					};
				};
			};
			buildConfigurationList = DB6C3E4F1C34FE2B000A43AC /* Build configuration list for PBXProject "Butler" */;
			compatibilityVersion = "Xcode 3.2";
			developmentRegion = English;
			hasScannedForEncodings = 0;
			knownRegions = (
				en,
				Base,
			);
			mainGroup = DB6C3E4B1C34FE2B000A43AC;
			productRefGroup = DB6C3E551C34FE2B000A43AC /* Products */;
			projectDirPath = "";
			projectRoot = "";
			targets = (
				DB6C3E531C34FE2B000A43AC /* Butler */,
			);
		};
/* End PBXProject section */

/* Begin PBXResourcesBuildPhase section */
		DB6C3E521C34FE2B000A43AC /* Resources */ = {
			isa = PBXResourcesBuildPhase;
			buildActionMask = 2147483647;
			files = (
				DB6C3E621C34FE2C000A43AC /* LaunchScreen.storyboard in Resources */,
				DB6C3E5F1C34FE2C000A43AC /* Assets.xcassets in Resources */,
				DB6C3E5D1C34FE2C000A43AC /* Main.storyboard in Resources */,
			);
			runOnlyForDeploymentPostprocessing = 0;
		};
/* End PBXResourcesBuildPhase section */

/* Begin PBXSourcesBuildPhase section */
		DB6C3E501C34FE2B000A43AC /* Sources */ = {
			isa = PBXSourcesBuildPhase;
			buildActionMask = 2147483647;
			files = (
				DB6C796D1C357A5F00FC4C10 /* LoginViewController.swift in Sources */,
				DB6C796A1C3579D100FC4C10 /* BubbleTransition.swift in Sources */,
				DB6C3E5A1C34FE2B000A43AC /* ViewController.swift in Sources */,
				DB6C3E581C34FE2B000A43AC /* AppDelegate.swift in Sources */,
				DB6C3E751C350033000A43AC /* LaunchTextModel.swift in Sources */,
				DB6C3E701C34FEB5000A43AC /* RQShineLabel.m in Sources */,
				DB6C3E721C34FF51000A43AC /* LaunchViewController.swift in Sources */,
			);
			runOnlyForDeploymentPostprocessing = 0;
		};
/* End PBXSourcesBuildPhase section */

/* Begin PBXVariantGroup section */
		DB6C3E5B1C34FE2C000A43AC /* Main.storyboard */ = {
			isa = PBXVariantGroup;
			children = (
				DB6C3E5C1C34FE2C000A43AC /* Base */,
			);
			name = Main.storyboard;
			sourceTree = "<group>";
		};
		DB6C3E601C34FE2C000A43AC /* LaunchScreen.storyboard */ = {
			isa = PBXVariantGroup;
			children = (
				DB6C3E611C34FE2C000A43AC /* Base */,
			);
			name = LaunchScreen.storyboard;
			sourceTree = "<group>";
		};
/* End PBXVariantGroup section */

/* Begin XCBuildConfiguration section */
		DB6C3E641C34FE2C000A43AC /* Debug */ = {
			isa = XCBuildConfiguration;
			buildSettings = {
				ALWAYS_SEARCH_USER_PATHS = NO;
				CLANG_CXX_LANGUAGE_STANDARD = "gnu++0x";
				CLANG_CXX_LIBRARY = "libc++";
				CLANG_ENABLE_MODULES = YES;
				CLANG_ENABLE_OBJC_ARC = YES;
				CLANG_WARN_BOOL_CONVERSION = YES;
				CLANG_WARN_CONSTANT_CONVERSION = YES;
				CLANG_WARN_DIRECT_OBJC_ISA_USAGE = YES_ERROR;
				CLANG_WARN_EMPTY_BODY = YES;
				CLANG_WARN_ENUM_CONVERSION = YES;
				CLANG_WARN_INT_CONVERSION = YES;
				CLANG_WARN_OBJC_ROOT_CLASS = YES_ERROR;
				CLANG_WARN_UNREACHABLE_CODE = YES;
				CLANG_WARN__DUPLICATE_METHOD_MATCH = YES;
				"CODE_SIGN_IDENTITY[sdk=iphoneos*]" = "iPhone Developer";
				COPY_PHASE_STRIP = NO;
				DEBUG_INFORMATION_FORMAT = dwarf;
				ENABLE_STRICT_OBJC_MSGSEND = YES;
				ENABLE_TESTABILITY = YES;
				GCC_C_LANGUAGE_STANDARD = gnu99;
				GCC_DYNAMIC_NO_PIC = NO;
				GCC_NO_COMMON_BLOCKS = YES;
				GCC_OPTIMIZATION_LEVEL = 0;
				GCC_PREPROCESSOR_DEFINITIONS = (
					"DEBUG=1",
					"$(inherited)",
				);
				GCC_WARN_64_TO_32_BIT_CONVERSION = YES;
				GCC_WARN_ABOUT_RETURN_TYPE = YES_ERROR;
				GCC_WARN_UNDECLARED_SELECTOR = YES;
				GCC_WARN_UNINITIALIZED_AUTOS = YES_AGGRESSIVE;
				GCC_WARN_UNUSED_FUNCTION = YES;
				GCC_WARN_UNUSED_VARIABLE = YES;
				IPHONEOS_DEPLOYMENT_TARGET = 9.2;
				MTL_ENABLE_DEBUG_INFO = YES;
				ONLY_ACTIVE_ARCH = YES;
				SDKROOT = iphoneos;
				SWIFT_OPTIMIZATION_LEVEL = "-Onone";
			};
			name = Debug;
		};
		DB6C3E651C34FE2C000A43AC /* Release */ = {
			isa = XCBuildConfiguration;
			buildSettings = {
				ALWAYS_SEARCH_USER_PATHS = NO;
				CLANG_CXX_LANGUAGE_STANDARD = "gnu++0x";
				CLANG_CXX_LIBRARY = "libc++";
				CLANG_ENABLE_MODULES = YES;
				CLANG_ENABLE_OBJC_ARC = YES;
				CLANG_WARN_BOOL_CONVERSION = YES;
				CLANG_WARN_CONSTANT_CONVERSION = YES;
				CLANG_WARN_DIRECT_OBJC_ISA_USAGE = YES_ERROR;
				CLANG_WARN_EMPTY_BODY = YES;
				CLANG_WARN_ENUM_CONVERSION = YES;
				CLANG_WARN_INT_CONVERSION = YES;
				CLANG_WARN_OBJC_ROOT_CLASS = YES_ERROR;
				CLANG_WARN_UNREACHABLE_CODE = YES;
				CLANG_WARN__DUPLICATE_METHOD_MATCH = YES;
				"CODE_SIGN_IDENTITY[sdk=iphoneos*]" = "iPhone Developer";
				COPY_PHASE_STRIP = NO;
				DEBUG_INFORMATION_FORMAT = "dwarf-with-dsym";
				ENABLE_NS_ASSERTIONS = NO;
				ENABLE_STRICT_OBJC_MSGSEND = YES;
				GCC_C_LANGUAGE_STANDARD = gnu99;
				GCC_NO_COMMON_BLOCKS = YES;
				GCC_WARN_64_TO_32_BIT_CONVERSION = YES;
				GCC_WARN_ABOUT_RETURN_TYPE = YES_ERROR;
				GCC_WARN_UNDECLARED_SELECTOR = YES;
				GCC_WARN_UNINITIALIZED_AUTOS = YES_AGGRESSIVE;
				GCC_WARN_UNUSED_FUNCTION = YES;
				GCC_WARN_UNUSED_VARIABLE = YES;
				IPHONEOS_DEPLOYMENT_TARGET = 9.2;
				MTL_ENABLE_DEBUG_INFO = NO;
				SDKROOT = iphoneos;
				VALIDATE_PRODUCT = YES;
			};
			name = Release;
		};
		DB6C3E671C34FE2C000A43AC /* Debug */ = {
			isa = XCBuildConfiguration;
			buildSettings = {
				ASSETCATALOG_COMPILER_APPICON_NAME = AppIcon;
				CLANG_ENABLE_MODULES = YES;
				INFOPLIST_FILE = Butler/Info.plist;
				LD_RUNPATH_SEARCH_PATHS = "$(inherited) @executable_path/Frameworks";
				PRODUCT_BUNDLE_IDENTIFIER = com.Zen.Butler;
				PRODUCT_NAME = "$(TARGET_NAME)";
				SWIFT_OBJC_BRIDGING_HEADER = "Butler/Butler-Bridging-Header.h";
				SWIFT_OPTIMIZATION_LEVEL = "-Onone";
			};
			name = Debug;
		};
		DB6C3E681C34FE2C000A43AC /* Release */ = {
			isa = XCBuildConfiguration;
			buildSettings = {
				ASSETCATALOG_COMPILER_APPICON_NAME = AppIcon;
				CLANG_ENABLE_MODULES = YES;
				INFOPLIST_FILE = Butler/Info.plist;
				LD_RUNPATH_SEARCH_PATHS = "$(inherited) @executable_path/Frameworks";
				PRODUCT_BUNDLE_IDENTIFIER = com.Zen.Butler;
				PRODUCT_NAME = "$(TARGET_NAME)";
				SWIFT_OBJC_BRIDGING_HEADER = "Butler/Butler-Bridging-Header.h";
			};
			name = Release;
		};
/* End XCBuildConfiguration section */

/* Begin XCConfigurationList section */
		DB6C3E4F1C34FE2B000A43AC /* Build configuration list for PBXProject "Butler" */ = {
			isa = XCConfigurationList;
			buildConfigurations = (
				DB6C3E641C34FE2C000A43AC /* Debug */,
				DB6C3E651C34FE2C000A43AC /* Release */,
			);
			defaultConfigurationIsVisible = 0;
			defaultConfigurationName = Release;
		};
		DB6C3E661C34FE2C000A43AC /* Build configuration list for PBXNativeTarget "Butler" */ = {
			isa = XCConfigurationList;
			buildConfigurations = (
				DB6C3E671C34FE2C000A43AC /* Debug */,
				DB6C3E681C34FE2C000A43AC /* Release */,
			);
			defaultConfigurationIsVisible = 0;
			defaultConfigurationName = Release;
		};
/* End XCConfigurationList section */
	};
	rootObject = DB6C3E4C1C34FE2B000A43AC /* Project object */;
}
